
Microsoft Visual Studio Solution File, Format Version 10.00
# Visual Studio 2008
Project("{FAE04EC0-301F-11D3-BF4B-00C04F79EFBC}") = "SmscGui", "SmscGui.csproj", "{AD422B30-7573-455A-AA90-E4EEFD2B71D3}"
EndProject
Project("{FAE04EC0-301F-11D3-BF4B-00C04F79EFBC}") = "ConsoleTestEsmeApplication", "..\ConsoleTestEsmeApplication\ConsoleTestEsmeApplication.csproj", "{70EC10C8-7395-472E-9BE1-5C672716AA85}"
EndProject
Global
	GlobalSection(SolutionConfigurationPlatforms) = preSolution
		Debug|Any CPU = Debug|Any CPU
		Release|Any CPU = Release|Any CPU
	EndGlobalSection
	GlobalSection(ProjectConfigurationPlatforms) = postSolution
		{AD422B30-7573-455A-AA90-E4EEFD2B71D3}.Debug|Any CPU.ActiveCfg = Debug|Any CPU
		{AD422B30-7573-455A-AA90-E4EEFD2B71D3}.Debug|Any CPU.Build.0 = Debug|Any CPU
		{AD422B30-7573-455A-AA90-E4EEFD2B71D3}.Release|Any CPU.ActiveCfg = Release|Any CPU
		{AD422B30-7573-455A-AA90-E4EEFD2B71D3}.Release|Any CPU.Build.0 = Release|Any CPU
		{70EC10C8-7395-472E-9BE1-5C672716AA85}.Debug|Any CPU.ActiveCfg = Debug|Any CPU
		{70EC10C8-7395-472E-9BE1-5C672716AA85}.Debug|Any CPU.Build.0 = Debug|Any CPU
		{70EC10C8-7395-472E-9BE1-5C672716AA85}.Release|Any CPU.ActiveCfg = Release|Any CPU
		{70EC10C8-7395-472E-9BE1-5C672716AA85}.Release|Any CPU.Build.0 = Release|Any CPU
	EndGlobalSection
	GlobalSection(SolutionProperties) = preSolution
		HideSolutionNode = FALSE
	EndGlobalSection
EndGlobal
